
Microsoft Visual Studio Solution File, Format Version 12.00
# Visual Studio Version 16
VisualStudioVersion = 16.0.31911.196
MinimumVisualStudioVersion = 10.0.40219.1
Project("{FAE04EC0-301F-11D3-BF4B-00C04F79EFBC}") = "YorgutCadastro", "YorgutCadastro\YorgutCadastro.csproj", "{637E2D94-57B4-4D1E-8223-DE1E0253BCF5}"
EndProject
Project("{FAE04EC0-301F-11D3-BF4B-00C04F79EFBC}") = "YorgutCadastro.Domain", "YorgutCadastro.Domain\YorgutCadastro.Domain.csproj", "{0EEC5E50-497E-40FD-AF79-FF1FBEBCB56B}"
EndProject
Project("{FAE04EC0-301F-11D3-BF4B-00C04F79EFBC}") = "YorgutCadastro.Application", "YorgutCadastro.Application\YorgutCadastro.Application.csproj", "{F5188BAB-4569-4993-B39A-DF1A60971B39}"
EndProject
Project("{FAE04EC0-301F-11D3-BF4B-00C04F79EFBC}") = "YorgutCadastro.Infrastructure", "YorgutCadastro.Infrastructure\YorgutCadastro.Infrastructure.csproj", "{F8B25147-1BED-47EE-AFE3-7A86FF9BE371}"
EndProject
Global
	GlobalSection(SolutionConfigurationPlatforms) = preSolution
		Debug|Any CPU = Debug|Any CPU
		Release|Any CPU = Release|Any CPU
	EndGlobalSection
	GlobalSection(ProjectConfigurationPlatforms) = postSolution
		{637E2D94-57B4-4D1E-8223-DE1E0253BCF5}.Debug|Any CPU.ActiveCfg = Debug|Any CPU
		{637E2D94-57B4-4D1E-8223-DE1E0253BCF5}.Debug|Any CPU.Build.0 = Debug|Any CPU
		{637E2D94-57B4-4D1E-8223-DE1E0253BCF5}.Release|Any CPU.ActiveCfg = Release|Any CPU
		{637E2D94-57B4-4D1E-8223-DE1E0253BCF5}.Release|Any CPU.Build.0 = Release|Any CPU
		{0EEC5E50-497E-40FD-AF79-FF1FBEBCB56B}.Debug|Any CPU.ActiveCfg = Debug|Any CPU
		{0EEC5E50-497E-40FD-AF79-FF1FBEBCB56B}.Debug|Any CPU.Build.0 = Debug|Any CPU
		{0EEC5E50-497E-40FD-AF79-FF1FBEBCB56B}.Release|Any CPU.ActiveCfg = Release|Any CPU
		{0EEC5E50-497E-40FD-AF79-FF1FBEBCB56B}.Release|Any CPU.Build.0 = Release|Any CPU
		{F5188BAB-4569-4993-B39A-DF1A60971B39}.Debug|Any CPU.ActiveCfg = Debug|Any CPU
		{F5188BAB-4569-4993-B39A-DF1A60971B39}.Debug|Any CPU.Build.0 = Debug|Any CPU
		{F5188BAB-4569-4993-B39A-DF1A60971B39}.Release|Any CPU.ActiveCfg = Release|Any CPU
		{F5188BAB-4569-4993-B39A-DF1A60971B39}.Release|Any CPU.Build.0 = Release|Any CPU
		{F8B25147-1BED-47EE-AFE3-7A86FF9BE371}.Debug|Any CPU.ActiveCfg = Debug|Any CPU
		{F8B25147-1BED-47EE-AFE3-7A86FF9BE371}.Debug|Any CPU.Build.0 = Debug|Any CPU
		{F8B25147-1BED-47EE-AFE3-7A86FF9BE371}.Release|Any CPU.ActiveCfg = Release|Any CPU
		{F8B25147-1BED-47EE-AFE3-7A86FF9BE371}.Release|Any CPU.Build.0 = Release|Any CPU
	EndGlobalSection
	GlobalSection(SolutionProperties) = preSolution
		HideSolutionNode = FALSE
	EndGlobalSection
	GlobalSection(ExtensibilityGlobals) = postSolution
		SolutionGuid = {DFD69DD4-3706-4071-9EE5-CFF06AC94141}
	EndGlobalSection
EndGlobal
